
Microsoft Visual Studio Solution File, Format Version 12.00
# Visual Studio Version 17
VisualStudioVersion = 17.9.34723.18
MinimumVisualStudioVersion = 10.0.40219.1
Project("{2150E333-8FDC-42A3-9474-1A3956D46DE8}") = "Services", "Services", "{352295E8-104A-4D7E-AE94-1135E14E33F9}"
EndProject
Project("{2150E333-8FDC-42A3-9474-1A3956D46DE8}") = "Catalog", "Catalog", "{6DF52F50-6FD4-46F1-BC93-ED66453A8055}"
EndProject
Project("{9A19103F-16F7-4668-BE54-9A1E7A4F7556}") = "Catalog.Api", "Services\Catalog\Catalog.Api\Catalog.Api.csproj", "{4ED6634A-1371-44C7-963B-33F2C7EE6A13}"
EndProject
Project("{E53339B2-1760-4266-BCC7-CA923CBCF16C}") = "docker-compose", "docker-compose.dcproj", "{7B1FE328-57D8-4C33-AD3C-94C8DB0386F6}"
EndProject
Project("{2150E333-8FDC-42A3-9474-1A3956D46DE8}") = "Basket", "Basket", "{7DA00086-236D-41A0-A1C9-5C1AAD398217}"
EndProject
Project("{9A19103F-16F7-4668-BE54-9A1E7A4F7556}") = "Basket.Api", "Services\Basket\Basket.Api\Basket.Api.csproj", "{D22AAB44-560A-4863-92AF-16904D29A1A7}"
EndProject
Project("{2150E333-8FDC-42A3-9474-1A3956D46DE8}") = "Discount", "Discount", "{0DC43FC4-08D0-449B-BC20-E0783A4B5972}"
EndProject
Project("{FAE04EC0-301F-11D3-BF4B-00C04F79EFBC}") = "Discount.Api", "Services\Discount\Discount.Api\Discount.Api.csproj", "{7D2B39D4-56E2-4BB6-BDE8-D56C46E21572}"
EndProject
Global
	GlobalSection(SolutionConfigurationPlatforms) = preSolution
		Debug|Any CPU = Debug|Any CPU
		Release|Any CPU = Release|Any CPU
	EndGlobalSection
	GlobalSection(ProjectConfigurationPlatforms) = postSolution
		{4ED6634A-1371-44C7-963B-33F2C7EE6A13}.Debug|Any CPU.ActiveCfg = Debug|Any CPU
		{4ED6634A-1371-44C7-963B-33F2C7EE6A13}.Debug|Any CPU.Build.0 = Debug|Any CPU
		{4ED6634A-1371-44C7-963B-33F2C7EE6A13}.Release|Any CPU.ActiveCfg = Release|Any CPU
		{4ED6634A-1371-44C7-963B-33F2C7EE6A13}.Release|Any CPU.Build.0 = Release|Any CPU
		{7B1FE328-57D8-4C33-AD3C-94C8DB0386F6}.Debug|Any CPU.ActiveCfg = Debug|Any CPU
		{7B1FE328-57D8-4C33-AD3C-94C8DB0386F6}.Debug|Any CPU.Build.0 = Debug|Any CPU
		{7B1FE328-57D8-4C33-AD3C-94C8DB0386F6}.Release|Any CPU.ActiveCfg = Release|Any CPU
		{7B1FE328-57D8-4C33-AD3C-94C8DB0386F6}.Release|Any CPU.Build.0 = Release|Any CPU
		{D22AAB44-560A-4863-92AF-16904D29A1A7}.Debug|Any CPU.ActiveCfg = Debug|Any CPU
		{D22AAB44-560A-4863-92AF-16904D29A1A7}.Debug|Any CPU.Build.0 = Debug|Any CPU
		{D22AAB44-560A-4863-92AF-16904D29A1A7}.Release|Any CPU.ActiveCfg = Release|Any CPU
		{D22AAB44-560A-4863-92AF-16904D29A1A7}.Release|Any CPU.Build.0 = Release|Any CPU
		{7D2B39D4-56E2-4BB6-BDE8-D56C46E21572}.Debug|Any CPU.ActiveCfg = Debug|Any CPU
		{7D2B39D4-56E2-4BB6-BDE8-D56C46E21572}.Debug|Any CPU.Build.0 = Debug|Any CPU
		{7D2B39D4-56E2-4BB6-BDE8-D56C46E21572}.Release|Any CPU.ActiveCfg = Release|Any CPU
		{7D2B39D4-56E2-4BB6-BDE8-D56C46E21572}.Release|Any CPU.Build.0 = Release|Any CPU
	EndGlobalSection
	GlobalSection(SolutionProperties) = preSolution
		HideSolutionNode = FALSE
	EndGlobalSection
	GlobalSection(NestedProjects) = preSolution
		{6DF52F50-6FD4-46F1-BC93-ED66453A8055} = {352295E8-104A-4D7E-AE94-1135E14E33F9}
		{4ED6634A-1371-44C7-963B-33F2C7EE6A13} = {6DF52F50-6FD4-46F1-BC93-ED66453A8055}
		{7DA00086-236D-41A0-A1C9-5C1AAD398217} = {352295E8-104A-4D7E-AE94-1135E14E33F9}
		{D22AAB44-560A-4863-92AF-16904D29A1A7} = {7DA00086-236D-41A0-A1C9-5C1AAD398217}
		{0DC43FC4-08D0-449B-BC20-E0783A4B5972} = {352295E8-104A-4D7E-AE94-1135E14E33F9}
		{7D2B39D4-56E2-4BB6-BDE8-D56C46E21572} = {0DC43FC4-08D0-449B-BC20-E0783A4B5972}
	EndGlobalSection
	GlobalSection(ExtensibilityGlobals) = postSolution
		SolutionGuid = {B4D44915-5C2A-4D70-95AB-768F4F35180F}
	EndGlobalSection
EndGlobal
